
Microsoft Visual Studio Solution File, Format Version 12.00
# Visual Studio Version 17
VisualStudioVersion = 17.9.34902.65
MinimumVisualStudioVersion = 10.0.40219.1
Project("{9A19103F-16F7-4668-BE54-9A1E7A4F7556}") = "LibreTranslate.TakumiCustom.Net", "LibreTranslate.TakumiCustom.Net\LibreTranslate.TakumiCustom.Net.csproj", "{906F7A26-58B9-4F47-9303-1659B82C8D79}"
EndProject
Global
	GlobalSection(SolutionConfigurationPlatforms) = preSolution
		Debug|Any CPU = Debug|Any CPU
		Release|Any CPU = Release|Any CPU
	EndGlobalSection
	GlobalSection(ProjectConfigurationPlatforms) = postSolution
		{906F7A26-58B9-4F47-9303-1659B82C8D79}.Debug|Any CPU.ActiveCfg = Debug|Any CPU
		{906F7A26-58B9-4F47-9303-1659B82C8D79}.Debug|Any CPU.Build.0 = Debug|Any CPU
		{906F7A26-58B9-4F47-9303-1659B82C8D79}.Release|Any CPU.ActiveCfg = Release|Any CPU
		{906F7A26-58B9-4F47-9303-1659B82C8D79}.Release|Any CPU.Build.0 = Release|Any CPU
	EndGlobalSection
	GlobalSection(SolutionProperties) = preSolution
		HideSolutionNode = FALSE
	EndGlobalSection
	GlobalSection(ExtensibilityGlobals) = postSolution
		SolutionGuid = {67C5C4CD-DF1A-4863-965C-4E694F6E672C}
	EndGlobalSection
EndGlobal
